// !$*UTF8*$!
{
	archiveVersion = 1;
	classes = {
	};
	objectVersion = 46;
	objects = {

/* Begin PBXBuildFile section */
		533A73AA1BBFC62D00BD2D56 /* AppDelegate.swift in Sources */ = {isa = PBXBuildFile; fileRef = 533A73A91BBFC62D00BD2D56 /* AppDelegate.swift */; };
		533A73AC1BBFC62E00BD2D56 /* ViewController.swift in Sources */ = {isa = PBXBuildFile; fileRef = 533A73AB1BBFC62E00BD2D56 /* ViewController.swift */; };
		533A73AF1BBFC62E00BD2D56 /* Main.storyboard in Resources */ = {isa = PBXBuildFile; fileRef = 533A73AD1BBFC62E00BD2D56 /* Main.storyboard */; };
		533A73B11BBFC62F00BD2D56 /* Assets.xcassets in Resources */ = {isa = PBXBuildFile; fileRef = 533A73B01BBFC62F00BD2D56 /* Assets.xcassets */; };
		533A73B41BBFC62F00BD2D56 /* LaunchScreen.storyboard in Resources */ = {isa = PBXBuildFile; fileRef = 533A73B21BBFC62F00BD2D56 /* LaunchScreen.storyboard */; };
		533A73BC1BBFC81800BD2D56 /* Boom-App.png in Resources */ = {isa = PBXBuildFile; fileRef = 533A73BB1BBFC81800BD2D56 /* Boom-App.png */; settings = {ASSET_TAGS = (); }; };
		533A73BE1BBFC82500BD2D56 /* bg.jpg in Resources */ = {isa = PBXBuildFile; fileRef = 533A73BD1BBFC82500BD2D56 /* bg.jpg */; settings = {ASSET_TAGS = (); }; };
/* End PBXBuildFile section */

/* Begin PBXFileReference section */
		533A73A61BBFC62C00BD2D56 /* SuperCool.app */ = {isa = PBXFileReference; explicitFileType = wrapper.application; includeInIndex = 0; path = SuperCool.app; sourceTree = BUILT_PRODUCTS_DIR; };
		533A73A91BBFC62D00BD2D56 /* AppDelegate.swift */ = {isa = PBXFileReference; lastKnownFileType = sourcecode.swift; path = AppDelegate.swift; sourceTree = "<group>"; };
		533A73AB1BBFC62E00BD2D56 /* ViewController.swift */ = {isa = PBXFileReference; lastKnownFileType = sourcecode.swift; path = ViewController.swift; sourceTree = "<group>"; };
		533A73AE1BBFC62E00BD2D56 /* Base */ = {isa = PBXFileReference; lastKnownFileType = file.storyboard; name = Base; path = Base.lproj/Main.storyboard; sourceTree = "<group>"; };
		533A73B01BBFC62F00BD2D56 /* Assets.xcassets */ = {isa = PBXFileReference; lastKnownFileType = folder.assetcatalog; path = Assets.xcassets; sourceTree = "<group>"; };
		533A73B31BBFC62F00BD2D56 /* Base */ = {isa = PBXFileReference; lastKnownFileType = file.storyboard; name = Base; path = Base.lproj/LaunchScreen.storyboard; sourceTree = "<group>"; };
		533A73B51BBFC62F00BD2D56 /* Info.plist */ = {isa = PBXFileReference; lastKnownFileType = text.plist.xml; path = Info.plist; sourceTree = "<group>"; };
		533A73BB1BBFC81800BD2D56 /* Boom-App.png */ = {isa = PBXFileReference; lastKnownFileType = image.png; path = "Boom-App.png"; sourceTree = "<group>"; };
		533A73BD1BBFC82500BD2D56 /* bg.jpg */ = {isa = PBXFileReference; lastKnownFileType = image.jpeg; path = bg.jpg; sourceTree = "<group>"; };
/* End PBXFileReference section */

/* Begin PBXFrameworksBuildPhase section */
		533A73A31BBFC62B00BD2D56 /* Frameworks */ = {
			isa = PBXFrameworksBuildPhase;
			buildActionMask = 2147483647;
			files = (
			);
			runOnlyForDeploymentPostprocessing = 0;
		};
/* End PBXFrameworksBuildPhase section */

/* Begin PBXGroup section */
		533A739D1BBFC62B00BD2D56 = {
			isa = PBXGroup;
			children = (
				533A73A81BBFC62D00BD2D56 /* SuperCool */,
				533A73A71BBFC62C00BD2D56 /* Products */,
			);
			sourceTree = "<group>";
		};
		533A73A71BBFC62C00BD2D56 /* Products */ = {
			isa = PBXGroup;
			children = (
				533A73A61BBFC62C00BD2D56 /* SuperCool.app */,
			);
			name = Products;
			sourceTree = "<group>";
		};
		533A73A81BBFC62D00BD2D56 /* SuperCool */ = {
			isa = PBXGroup;
			children = (
				533A73A91BBFC62D00BD2D56 /* AppDelegate.swift */,
				533A73AB1BBFC62E00BD2D56 /* ViewController.swift */,
				533A73AD1BBFC62E00BD2D56 /* Main.storyboard */,
				533A73B01BBFC62F00BD2D56 /* Assets.xcassets */,
				533A73B21BBFC62F00BD2D56 /* LaunchScreen.storyboard */,
				533A73B51BBFC62F00BD2D56 /* Info.plist */,
				533A73BD1BBFC82500BD2D56 /* bg.jpg */,
				533A73BB1BBFC81800BD2D56 /* Boom-App.png */,
			);
			path = SuperCool;
			sourceTree = "<group>";
		};
/* End PBXGroup section */

/* Begin PBXNativeTarget section */
		533A73A51BBFC62B00BD2D56 /* SuperCool */ = {
			isa = PBXNativeTarget;
			buildConfigurationList = 533A73B81BBFC62F00BD2D56 /* Build configuration list for PBXNativeTarget "SuperCool" */;
			buildPhases = (
				533A73A21BBFC62B00BD2D56 /* Sources */,
				533A73A31BBFC62B00BD2D56 /* Frameworks */,
				533A73A41BBFC62B00BD2D56 /* Resources */,
			);
			buildRules = (
			);
			dependencies = (
			);
			name = SuperCool;
			productName = SuperCool;
			productReference = 533A73A61BBFC62C00BD2D56 /* SuperCool.app */;
			productType = "com.apple.product-type.application";
		};
/* End PBXNativeTarget section */

/* Begin PBXProject section */
		533A739E1BBFC62B00BD2D56 /* Project object */ = {
			isa = PBXProject;
			attributes = {
				LastUpgradeCheck = 0700;
				ORGANIZATIONNAME = "Erick Torres";
				TargetAttributes = {
					533A73A51BBFC62B00BD2D56 = {
						CreatedOnToolsVersion = 7.0.1;
						DevelopmentTeam = ESM3KH89FY;
					};
				};
			};
			buildConfigurationList = 533A73A11BBFC62B00BD2D56 /* Build configuration list for PBXProject "SuperCool" */;
			compatibilityVersion = "Xcode 3.2";
			developmentRegion = English;
			hasScannedForEncodings = 0;
			knownRegions = (
				en,
				Base,
			);
			mainGroup = 533A739D1BBFC62B00BD2D56;
			productRefGroup = 533A73A71BBFC62C00BD2D56 /* Products */;
			projectDirPath = "";
			projectRoot = "";
			targets = (
				533A73A51BBFC62B00BD2D56 /* SuperCool */,
			);
		};
/* End PBXProject section */

/* Begin PBXResourcesBuildPhase section */
		533A73A41BBFC62B00BD2D56 /* Resources */ = {
			isa = PBXResourcesBuildPhase;
			buildActionMask = 2147483647;
			files = (
				533A73BE1BBFC82500BD2D56 /* bg.jpg in Resources */,
				533A73B41BBFC62F00BD2D56 /* LaunchScreen.storyboard in Resources */,
				533A73B11BBFC62F00BD2D56 /* Assets.xcassets in Resources */,
				533A73BC1BBFC81800BD2D56 /* Boom-App.png in Resources */,
				533A73AF1BBFC62E00BD2D56 /* Main.storyboard in Resources */,
			);
			runOnlyForDeploymentPostprocessing = 0;
		};
/* End PBXResourcesBuildPhase section */

/* Begin PBXSourcesBuildPhase section */
		533A73A21BBFC62B00BD2D56 /* Sources */ = {
			isa = PBXSourcesBuildPhase;
			buildActionMask = 2147483647;
			files = (
				533A73AC1BBFC62E00BD2D56 /* ViewController.swift in Sources */,
				533A73AA1BBFC62D00BD2D56 /* AppDelegate.swift in Sources */,
			);
			runOnlyForDeploymentPostprocessing = 0;
		};
/* End PBXSourcesBuildPhase section */

/* Begin PBXVariantGroup section */
		533A73AD1BBFC62E00BD2D56 /* Main.storyboard */ = {
			isa = PBXVariantGroup;
			children = (
				533A73AE1BBFC62E00BD2D56 /* Base */,
			);
			name = Main.storyboard;
			sourceTree = "<group>";
		};
		533A73B21BBFC62F00BD2D56 /* LaunchScreen.storyboard */ = {
			isa = PBXVariantGroup;
			children = (
				533A73B31BBFC62F00BD2D56 /* Base */,
			);
			name = LaunchScreen.storyboard;
			sourceTree = "<group>";
		};
/* End PBXVariantGroup section */

/* Begin XCBuildConfiguration section */
		533A73B61BBFC62F00BD2D56 /* Debug */ = {
			isa = XCBuildConfiguration;
			buildSettings = {
				ALWAYS_SEARCH_USER_PATHS = NO;
				CLANG_CXX_LANGUAGE_STANDARD = "gnu++0x";
				CLANG_CXX_LIBRARY = "libc++";
				CLANG_ENABLE_MODULES = YES;
				CLANG_ENABLE_OBJC_ARC = YES;
				CLANG_WARN_BOOL_CONVERSION = YES;
				CLANG_WARN_CONSTANT_CONVERSION = YES;
				CLANG_WARN_DIRECT_OBJC_ISA_USAGE = YES_ERROR;
				CLANG_WARN_EMPTY_BODY = YES;
				CLANG_WARN_ENUM_CONVERSION = YES;
				CLANG_WARN_INT_CONVERSION = YES;
				CLANG_WARN_OBJC_ROOT_CLASS = YES_ERROR;
				CLANG_WARN_UNREACHABLE_CODE = YES;
				CLANG_WARN__DUPLICATE_METHOD_MATCH = YES;
				"CODE_SIGN_IDENTITY[sdk=iphoneos*]" = "iPhone Developer";
				COPY_PHASE_STRIP = NO;
				DEBUG_INFORMATION_FORMAT = dwarf;
				ENABLE_STRICT_OBJC_MSGSEND = YES;
				ENABLE_TESTABILITY = YES;
				GCC_C_LANGUAGE_STANDARD = gnu99;
				GCC_DYNAMIC_NO_PIC = NO;
				GCC_NO_COMMON_BLOCKS = YES;
				GCC_OPTIMIZATION_LEVEL = 0;
				GCC_PREPROCESSOR_DEFINITIONS = (
					"DEBUG=1",
					"$(inherited)",
				);
				GCC_WARN_64_TO_32_BIT_CONVERSION = YES;
				GCC_WARN_ABOUT_RETURN_TYPE = YES_ERROR;
				GCC_WARN_UNDECLARED_SELECTOR = YES;
				GCC_WARN_UNINITIALIZED_AUTOS = YES_AGGRESSIVE;
				GCC_WARN_UNUSED_FUNCTION = YES;
				GCC_WARN_UNUSED_VARIABLE = YES;
				IPHONEOS_DEPLOYMENT_TARGET = 9.0;
				MTL_ENABLE_DEBUG_INFO = YES;
				ONLY_ACTIVE_ARCH = YES;
				SDKROOT = iphoneos;
				SWIFT_OPTIMIZATION_LEVEL = "-Onone";
			};
			name = Debug;
		};
		533A73B71BBFC62F00BD2D56 /* Release */ = {
			isa = XCBuildConfiguration;
			buildSettings = {
				ALWAYS_SEARCH_USER_PATHS = NO;
				CLANG_CXX_LANGUAGE_STANDARD = "gnu++0x";
				CLANG_CXX_LIBRARY = "libc++";
				CLANG_ENABLE_MODULES = YES;
				CLANG_ENABLE_OBJC_ARC = YES;
				CLANG_WARN_BOOL_CONVERSION = YES;
				CLANG_WARN_CONSTANT_CONVERSION = YES;
				CLANG_WARN_DIRECT_OBJC_ISA_USAGE = YES_ERROR;
				CLANG_WARN_EMPTY_BODY = YES;
				CLANG_WARN_ENUM_CONVERSION = YES;
				CLANG_WARN_INT_CONVERSION = YES;
				CLANG_WARN_OBJC_ROOT_CLASS = YES_ERROR;
				CLANG_WARN_UNREACHABLE_CODE = YES;
				CLANG_WARN__DUPLICATE_METHOD_MATCH = YES;
				"CODE_SIGN_IDENTITY[sdk=iphoneos*]" = "iPhone Developer";
				COPY_PHASE_STRIP = NO;
				DEBUG_INFORMATION_FORMAT = "dwarf-with-dsym";
				ENABLE_NS_ASSERTIONS = NO;
				ENABLE_STRICT_OBJC_MSGSEND = YES;
				GCC_C_LANGUAGE_STANDARD = gnu99;
				GCC_NO_COMMON_BLOCKS = YES;
				GCC_WARN_64_TO_32_BIT_CONVERSION = YES;
				GCC_WARN_ABOUT_RETURN_TYPE = YES_ERROR;
				GCC_WARN_UNDECLARED_SELECTOR = YES;
				GCC_WARN_UNINITIALIZED_AUTOS = YES_AGGRESSIVE;
				GCC_WARN_UNUSED_FUNCTION = YES;
				GCC_WARN_UNUSED_VARIABLE = YES;
				IPHONEOS_DEPLOYMENT_TARGET = 9.0;
				MTL_ENABLE_DEBUG_INFO = NO;
				SDKROOT = iphoneos;
				VALIDATE_PRODUCT = YES;
			};
			name = Release;
		};
		533A73B91BBFC62F00BD2D56 /* Debug */ = {
			isa = XCBuildConfiguration;
			buildSettings = {
				ASSETCATALOG_COMPILER_APPICON_NAME = AppIcon;
				INFOPLIST_FILE = SuperCool/Info.plist;
				LD_RUNPATH_SEARCH_PATHS = "$(inherited) @executable_path/Frameworks";
				PRODUCT_BUNDLE_IDENTIFIER = com.ericktorres.SuperCool;
				PRODUCT_NAME = "$(TARGET_NAME)";
			};
			name = Debug;
		};
		533A73BA1BBFC62F00BD2D56 /* Release */ = {
			isa = XCBuildConfiguration;
			buildSettings = {
				ASSETCATALOG_COMPILER_APPICON_NAME = AppIcon;
				INFOPLIST_FILE = SuperCool/Info.plist;
				LD_RUNPATH_SEARCH_PATHS = "$(inherited) @executable_path/Frameworks";
				PRODUCT_BUNDLE_IDENTIFIER = com.ericktorres.SuperCool;
				PRODUCT_NAME = "$(TARGET_NAME)";
			};
			name = Release;
		};
/* End XCBuildConfiguration section */

/* Begin XCConfigurationList section */
		533A73A11BBFC62B00BD2D56 /* Build configuration list for PBXProject "SuperCool" */ = {
			isa = XCConfigurationList;
			buildConfigurations = (
				533A73B61BBFC62F00BD2D56 /* Debug */,
				533A73B71BBFC62F00BD2D56 /* Release */,
			);
			defaultConfigurationIsVisible = 0;
			defaultConfigurationName = Release;
		};
		533A73B81BBFC62F00BD2D56 /* Build configuration list for PBXNativeTarget "SuperCool" */ = {
			isa = XCConfigurationList;
			buildConfigurations = (
				533A73B91BBFC62F00BD2D56 /* Debug */,
				533A73BA1BBFC62F00BD2D56 /* Release */,
			);
			defaultConfigurationIsVisible = 0;
		};
/* End XCConfigurationList section */
	};
	rootObject = 533A739E1BBFC62B00BD2D56 /* Project object */;
}
